
Microsoft Visual Studio Solution File, Format Version 12.00
# Visual Studio Version 16
VisualStudioVersion = 16.0.31605.320
MinimumVisualStudioVersion = 10.0.40219.1
Project("{8BC9CEB8-8B4A-11D0-8D11-00A0C91BC942}") = "First_2021_8_16", "First_2021_8_16\First_2021_8_16.vcxproj", "{1E443E7D-7B23-4057-8A51-8A7299491EC2}"
EndProject
Global
	GlobalSection(SolutionConfigurationPlatforms) = preSolution
		Debug|x64 = Debug|x64
		Debug|x86 = Debug|x86
		Release|x64 = Release|x64
		Release|x86 = Release|x86
	EndGlobalSection
	GlobalSection(ProjectConfigurationPlatforms) = postSolution
		{1E443E7D-7B23-4057-8A51-8A7299491EC2}.Debug|x64.ActiveCfg = Debug|x64
		{1E443E7D-7B23-4057-8A51-8A7299491EC2}.Debug|x64.Build.0 = Debug|x64
		{1E443E7D-7B23-4057-8A51-8A7299491EC2}.Debug|x86.ActiveCfg = Debug|Win32
		{1E443E7D-7B23-4057-8A51-8A7299491EC2}.Debug|x86.Build.0 = Debug|Win32
		{1E443E7D-7B23-4057-8A51-8A7299491EC2}.Release|x64.ActiveCfg = Release|x64
		{1E443E7D-7B23-4057-8A51-8A7299491EC2}.Release|x64.Build.0 = Release|x64
		{1E443E7D-7B23-4057-8A51-8A7299491EC2}.Release|x86.ActiveCfg = Release|Win32
		{1E443E7D-7B23-4057-8A51-8A7299491EC2}.Release|x86.Build.0 = Release|Win32
	EndGlobalSection
	GlobalSection(SolutionProperties) = preSolution
		HideSolutionNode = FALSE
	EndGlobalSection
	GlobalSection(ExtensibilityGlobals) = postSolution
		SolutionGuid = {E030AF48-3A8D-435F-B2CD-3D9C835468B4}
	EndGlobalSection
EndGlobal
